
Microsoft Visual Studio Solution File, Format Version 12.00
# Visual Studio Version 16
VisualStudioVersion = 16.0.30611.23
MinimumVisualStudioVersion = 10.0.40219.1
Project("{FAE04EC0-301F-11D3-BF4B-00C04F79EFBC}") = "01.Password_Reset", "Programming Fundamentals Final Exam - 04 April 2020 Group 2\01.Password_Reset.csproj", "{22657A6F-0061-463C-BB0B-08589C0CD395}"
EndProject
Project("{FAE04EC0-301F-11D3-BF4B-00C04F79EFBC}") = "02.Fancy_Barcodes", "02.Fancy_Barcodes\02.Fancy_Barcodes.csproj", "{6EFBCBC2-B770-4551-9273-41C64748FA85}"
EndProject
Project("{FAE04EC0-301F-11D3-BF4B-00C04F79EFBC}") = "03. Heroes_of_Code_and_Logic_VII", "03. Heroes of Code and Logic VII\03. Heroes_of_Code_and_Logic_VII.csproj", "{575F7510-8213-497F-82F0-57E40538293E}"
EndProject
Global
	GlobalSection(SolutionConfigurationPlatforms) = preSolution
		Debug|Any CPU = Debug|Any CPU
		Release|Any CPU = Release|Any CPU
	EndGlobalSection
	GlobalSection(ProjectConfigurationPlatforms) = postSolution
		{22657A6F-0061-463C-BB0B-08589C0CD395}.Debug|Any CPU.ActiveCfg = Debug|Any CPU
		{22657A6F-0061-463C-BB0B-08589C0CD395}.Debug|Any CPU.Build.0 = Debug|Any CPU
		{22657A6F-0061-463C-BB0B-08589C0CD395}.Release|Any CPU.ActiveCfg = Release|Any CPU
		{22657A6F-0061-463C-BB0B-08589C0CD395}.Release|Any CPU.Build.0 = Release|Any CPU
		{6EFBCBC2-B770-4551-9273-41C64748FA85}.Debug|Any CPU.ActiveCfg = Debug|Any CPU
		{6EFBCBC2-B770-4551-9273-41C64748FA85}.Debug|Any CPU.Build.0 = Debug|Any CPU
		{6EFBCBC2-B770-4551-9273-41C64748FA85}.Release|Any CPU.ActiveCfg = Release|Any CPU
		{6EFBCBC2-B770-4551-9273-41C64748FA85}.Release|Any CPU.Build.0 = Release|Any CPU
		{575F7510-8213-497F-82F0-57E40538293E}.Debug|Any CPU.ActiveCfg = Debug|Any CPU
		{575F7510-8213-497F-82F0-57E40538293E}.Debug|Any CPU.Build.0 = Debug|Any CPU
		{575F7510-8213-497F-82F0-57E40538293E}.Release|Any CPU.ActiveCfg = Release|Any CPU
		{575F7510-8213-497F-82F0-57E40538293E}.Release|Any CPU.Build.0 = Release|Any CPU
	EndGlobalSection
	GlobalSection(SolutionProperties) = preSolution
		HideSolutionNode = FALSE
	EndGlobalSection
	GlobalSection(ExtensibilityGlobals) = postSolution
		SolutionGuid = {3AF76938-BA34-4352-A1E4-ECAB6EF03B53}
	EndGlobalSection
EndGlobal
